// !$*UTF8*$!
{
	archiveVersion = 1;
	classes = {
	};
	objectVersion = 56;
	objects = {

/* Begin PBXBuildFile section */
		2C1CFE112B970E2B0004384C /* AppDelegate.swift in Sources */ = {isa = PBXBuildFile; fileRef = 2C1CFE102B970E2B0004384C /* AppDelegate.swift */; };
		2C1CFE132B970E2B0004384C /* SceneDelegate.swift in Sources */ = {isa = PBXBuildFile; fileRef = 2C1CFE122B970E2B0004384C /* SceneDelegate.swift */; };
		2C1CFE1B2B970E2B0004384C /* GDZ.xcdatamodeld in Sources */ = {isa = PBXBuildFile; fileRef = 2C1CFE192B970E2B0004384C /* GDZ.xcdatamodeld */; };
		2C1CFE1D2B970E2F0004384C /* Assets.xcassets in Resources */ = {isa = PBXBuildFile; fileRef = 2C1CFE1C2B970E2F0004384C /* Assets.xcassets */; };
		2C1CFE202B970E2F0004384C /* LaunchScreen.storyboard in Resources */ = {isa = PBXBuildFile; fileRef = 2C1CFE1E2B970E2F0004384C /* LaunchScreen.storyboard */; };
		2C1CFE282B9727190004384C /* UIColor + ext.swift in Sources */ = {isa = PBXBuildFile; fileRef = 2C1CFE272B9727190004384C /* UIColor + ext.swift */; };
		2C1CFE2A2B9772900004384C /* GoogleService-Info.plist in Resources */ = {isa = PBXBuildFile; fileRef = 2C1CFE292B9772900004384C /* GoogleService-Info.plist */; };
		2C1CFE2D2B977C460004384C /* FirebaseDatabase in Frameworks */ = {isa = PBXBuildFile; productRef = 2C1CFE2C2B977C460004384C /* FirebaseDatabase */; };
		2C1CFE2F2B978E470004384C /* UIButton + ext.swift in Sources */ = {isa = PBXBuildFile; fileRef = 2C1CFE2E2B978E470004384C /* UIButton + ext.swift */; };
		2C1CFE322B9790650004384C /* sfuitext_light.otf in Resources */ = {isa = PBXBuildFile; fileRef = 2C1CFE312B9790650004384C /* sfuitext_light.otf */; };
		2C1CFE342B97907B0004384C /* sf-ui-text-bold.ttf in Resources */ = {isa = PBXBuildFile; fileRef = 2C1CFE332B97907B0004384C /* sf-ui-text-bold.ttf */; };
		2C1CFE612B99EFA30004384C /* TabBarContoller.swift in Sources */ = {isa = PBXBuildFile; fileRef = 2C1CFE602B99EFA30004384C /* TabBarContoller.swift */; };
		2C21F1DF2BA3677100E294AC /* GradeView.swift in Sources */ = {isa = PBXBuildFile; fileRef = 2C21F1DE2BA3677100E294AC /* GradeView.swift */; };
		2C21F1E12BA3678600E294AC /* GradeModel.swift in Sources */ = {isa = PBXBuildFile; fileRef = 2C21F1E02BA3678600E294AC /* GradeModel.swift */; };
		2C21F1E32BA3679200E294AC /* GradeViewModel.swift in Sources */ = {isa = PBXBuildFile; fileRef = 2C21F1E22BA3679200E294AC /* GradeViewModel.swift */; };
		2C21F1E72BA367C100E294AC /* GradeCell.swift in Sources */ = {isa = PBXBuildFile; fileRef = 2C21F1E52BA367C100E294AC /* GradeCell.swift */; };
		2C21F1E82BA367C100E294AC /* GradeCell.xib in Resources */ = {isa = PBXBuildFile; fileRef = 2C21F1E62BA367C100E294AC /* GradeCell.xib */; };
		2C700E442BA0DEA3009F1BB4 /* Localizable.strings in Resources */ = {isa = PBXBuildFile; fileRef = 2C700E462BA0DEA3009F1BB4 /* Localizable.strings */; };
		2C700E492BA0DFC2009F1BB4 /* Localization.swift in Sources */ = {isa = PBXBuildFile; fileRef = 2C700E482BA0DFC2009F1BB4 /* Localization.swift */; };
		2C700E542BA0EFCA009F1BB4 /* ViewController.swift in Sources */ = {isa = PBXBuildFile; fileRef = 2C700E532BA0EFCA009F1BB4 /* ViewController.swift */; };
/* End PBXBuildFile section */

/* Begin PBXFileReference section */
		2C1CFE0D2B970E2B0004384C /* GDZ.app */ = {isa = PBXFileReference; explicitFileType = wrapper.application; includeInIndex = 0; path = GDZ.app; sourceTree = BUILT_PRODUCTS_DIR; };
		2C1CFE102B970E2B0004384C /* AppDelegate.swift */ = {isa = PBXFileReference; lastKnownFileType = sourcecode.swift; path = AppDelegate.swift; sourceTree = "<group>"; };
		2C1CFE122B970E2B0004384C /* SceneDelegate.swift */ = {isa = PBXFileReference; lastKnownFileType = sourcecode.swift; path = SceneDelegate.swift; sourceTree = "<group>"; };
		2C1CFE1A2B970E2B0004384C /* GDZ.xcdatamodel */ = {isa = PBXFileReference; lastKnownFileType = wrapper.xcdatamodel; path = GDZ.xcdatamodel; sourceTree = "<group>"; };
		2C1CFE1C2B970E2F0004384C /* Assets.xcassets */ = {isa = PBXFileReference; lastKnownFileType = folder.assetcatalog; path = Assets.xcassets; sourceTree = "<group>"; };
		2C1CFE1F2B970E2F0004384C /* Base */ = {isa = PBXFileReference; lastKnownFileType = file.storyboard; name = Base; path = Base.lproj/LaunchScreen.storyboard; sourceTree = "<group>"; };
		2C1CFE212B970E2F0004384C /* Info.plist */ = {isa = PBXFileReference; lastKnownFileType = text.plist.xml; path = Info.plist; sourceTree = "<group>"; };
		2C1CFE272B9727190004384C /* UIColor + ext.swift */ = {isa = PBXFileReference; lastKnownFileType = sourcecode.swift; path = "UIColor + ext.swift"; sourceTree = "<group>"; };
		2C1CFE292B9772900004384C /* GoogleService-Info.plist */ = {isa = PBXFileReference; fileEncoding = 4; lastKnownFileType = text.plist.xml; path = "GoogleService-Info.plist"; sourceTree = "<group>"; };
		2C1CFE2E2B978E470004384C /* UIButton + ext.swift */ = {isa = PBXFileReference; lastKnownFileType = sourcecode.swift; path = "UIButton + ext.swift"; sourceTree = "<group>"; };
		2C1CFE312B9790650004384C /* sfuitext_light.otf */ = {isa = PBXFileReference; lastKnownFileType = file; path = sfuitext_light.otf; sourceTree = "<group>"; };
		2C1CFE332B97907B0004384C /* sf-ui-text-bold.ttf */ = {isa = PBXFileReference; lastKnownFileType = file; path = "sf-ui-text-bold.ttf"; sourceTree = "<group>"; };
		2C1CFE602B99EFA30004384C /* TabBarContoller.swift */ = {isa = PBXFileReference; lastKnownFileType = sourcecode.swift; path = TabBarContoller.swift; sourceTree = "<group>"; };
		2C21F1DE2BA3677100E294AC /* GradeView.swift */ = {isa = PBXFileReference; lastKnownFileType = sourcecode.swift; path = GradeView.swift; sourceTree = "<group>"; };
		2C21F1E02BA3678600E294AC /* GradeModel.swift */ = {isa = PBXFileReference; lastKnownFileType = sourcecode.swift; path = GradeModel.swift; sourceTree = "<group>"; };
		2C21F1E22BA3679200E294AC /* GradeViewModel.swift */ = {isa = PBXFileReference; lastKnownFileType = sourcecode.swift; path = GradeViewModel.swift; sourceTree = "<group>"; };
		2C21F1E52BA367C100E294AC /* GradeCell.swift */ = {isa = PBXFileReference; lastKnownFileType = sourcecode.swift; path = GradeCell.swift; sourceTree = "<group>"; };
		2C21F1E62BA367C100E294AC /* GradeCell.xib */ = {isa = PBXFileReference; lastKnownFileType = file.xib; path = GradeCell.xib; sourceTree = "<group>"; };
		2C700E472BA0DEB7009F1BB4 /* ru */ = {isa = PBXFileReference; lastKnownFileType = text.plist.strings; name = ru; path = ru.lproj/Localizable.strings; sourceTree = "<group>"; };
		2C700E482BA0DFC2009F1BB4 /* Localization.swift */ = {isa = PBXFileReference; lastKnownFileType = sourcecode.swift; path = Localization.swift; sourceTree = "<group>"; };
		2C700E532BA0EFCA009F1BB4 /* ViewController.swift */ = {isa = PBXFileReference; lastKnownFileType = sourcecode.swift; path = ViewController.swift; sourceTree = "<group>"; };
/* End PBXFileReference section */

/* Begin PBXFrameworksBuildPhase section */
		2C1CFE0A2B970E2B0004384C /* Frameworks */ = {
			isa = PBXFrameworksBuildPhase;
			buildActionMask = 2147483647;
			files = (
				2C1CFE2D2B977C460004384C /* FirebaseDatabase in Frameworks */,
			);
			runOnlyForDeploymentPostprocessing = 0;
		};
/* End PBXFrameworksBuildPhase section */

/* Begin PBXGroup section */
		2C1CFE042B970E2B0004384C = {
			isa = PBXGroup;
			children = (
				2C1CFE0F2B970E2B0004384C /* GDZ */,
				2C1CFE0E2B970E2B0004384C /* Products */,
			);
			sourceTree = "<group>";
		};
		2C1CFE0E2B970E2B0004384C /* Products */ = {
			isa = PBXGroup;
			children = (
				2C1CFE0D2B970E2B0004384C /* GDZ.app */,
			);
			name = Products;
			sourceTree = "<group>";
		};
		2C1CFE0F2B970E2B0004384C /* GDZ */ = {
			isa = PBXGroup;
			children = (
				2C21F1DD2BA3674700E294AC /* GradeSeleciton */,
				2C700E412BA0DD9C009F1BB4 /* Localization */,
				2C1CFE5D2B99EF390004384C /* TabBarModule */,
				2C1CFE352B9795010004384C /* Extensions */,
				2C1CFE302B9790350004384C /* Fonts */,
				2C1CFE292B9772900004384C /* GoogleService-Info.plist */,
				2C1CFE102B970E2B0004384C /* AppDelegate.swift */,
				2C1CFE122B970E2B0004384C /* SceneDelegate.swift */,
				2C1CFE1C2B970E2F0004384C /* Assets.xcassets */,
				2C1CFE1E2B970E2F0004384C /* LaunchScreen.storyboard */,
				2C1CFE212B970E2F0004384C /* Info.plist */,
				2C1CFE192B970E2B0004384C /* GDZ.xcdatamodeld */,
				2C700E532BA0EFCA009F1BB4 /* ViewController.swift */,
			);
			path = GDZ;
			sourceTree = "<group>";
		};
		2C1CFE302B9790350004384C /* Fonts */ = {
			isa = PBXGroup;
			children = (
				2C1CFE312B9790650004384C /* sfuitext_light.otf */,
				2C1CFE332B97907B0004384C /* sf-ui-text-bold.ttf */,
			);
			path = Fonts;
			sourceTree = "<group>";
		};
		2C1CFE352B9795010004384C /* Extensions */ = {
			isa = PBXGroup;
			children = (
				2C1CFE2E2B978E470004384C /* UIButton + ext.swift */,
				2C1CFE272B9727190004384C /* UIColor + ext.swift */,
			);
			path = Extensions;
			sourceTree = "<group>";
		};
		2C1CFE5D2B99EF390004384C /* TabBarModule */ = {
			isa = PBXGroup;
			children = (
				2C1CFE602B99EFA30004384C /* TabBarContoller.swift */,
			);
			path = TabBarModule;
			sourceTree = "<group>";
		};
		2C21F1DD2BA3674700E294AC /* GradeSeleciton */ = {
			isa = PBXGroup;
			children = (
				2C21F1E92BA367CA00E294AC /* Models */,
				2C21F1EA2BA367D100E294AC /* ViewModels */,
				2C21F1EB2BA367D900E294AC /* Views */,
				2C21F1E42BA3679900E294AC /* Cell */,
			);
			path = GradeSeleciton;
			sourceTree = "<group>";
		};
		2C21F1E42BA3679900E294AC /* Cell */ = {
			isa = PBXGroup;
			children = (
				2C21F1E52BA367C100E294AC /* GradeCell.swift */,
				2C21F1E62BA367C100E294AC /* GradeCell.xib */,
			);
			path = Cell;
			sourceTree = "<group>";
		};
		2C21F1E92BA367CA00E294AC /* Models */ = {
			isa = PBXGroup;
			children = (
				2C21F1E02BA3678600E294AC /* GradeModel.swift */,
			);
			path = Models;
			sourceTree = "<group>";
		};
		2C21F1EA2BA367D100E294AC /* ViewModels */ = {
			isa = PBXGroup;
			children = (
				2C21F1E22BA3679200E294AC /* GradeViewModel.swift */,
			);
			path = ViewModels;
			sourceTree = "<group>";
		};
		2C21F1EB2BA367D900E294AC /* Views */ = {
			isa = PBXGroup;
			children = (
				2C21F1DE2BA3677100E294AC /* GradeView.swift */,
			);
			path = Views;
			sourceTree = "<group>";
		};
		2C700E412BA0DD9C009F1BB4 /* Localization */ = {
			isa = PBXGroup;
			children = (
				2C700E482BA0DFC2009F1BB4 /* Localization.swift */,
				2C700E462BA0DEA3009F1BB4 /* Localizable.strings */,
			);
			path = Localization;
			sourceTree = "<group>";
		};
/* End PBXGroup section */

/* Begin PBXNativeTarget section */
		2C1CFE0C2B970E2B0004384C /* GDZ */ = {
			isa = PBXNativeTarget;
			buildConfigurationList = 2C1CFE242B970E2F0004384C /* Build configuration list for PBXNativeTarget "GDZ" */;
			buildPhases = (
				2C1CFE092B970E2B0004384C /* Sources */,
				2C1CFE0A2B970E2B0004384C /* Frameworks */,
				2C1CFE0B2B970E2B0004384C /* Resources */,
			);
			buildRules = (
			);
			dependencies = (
			);
			name = GDZ;
			packageProductDependencies = (
				2C1CFE2C2B977C460004384C /* FirebaseDatabase */,
			);
			productName = GDZ;
			productReference = 2C1CFE0D2B970E2B0004384C /* GDZ.app */;
			productType = "com.apple.product-type.application";
		};
/* End PBXNativeTarget section */

/* Begin PBXProject section */
		2C1CFE052B970E2B0004384C /* Project object */ = {
			isa = PBXProject;
			attributes = {
				BuildIndependentTargetsInParallel = 1;
				LastSwiftUpdateCheck = 1420;
				LastUpgradeCheck = 1420;
				TargetAttributes = {
					2C1CFE0C2B970E2B0004384C = {
						CreatedOnToolsVersion = 14.2;
					};
				};
			};
			buildConfigurationList = 2C1CFE082B970E2B0004384C /* Build configuration list for PBXProject "GDZ" */;
			compatibilityVersion = "Xcode 14.0";
			developmentRegion = en;
			hasScannedForEncodings = 0;
			knownRegions = (
				en,
				Base,
				ru,
			);
			mainGroup = 2C1CFE042B970E2B0004384C;
			packageReferences = (
				2C1CFE2B2B977C460004384C /* XCRemoteSwiftPackageReference "firebase-ios-sdk" */,
			);
			productRefGroup = 2C1CFE0E2B970E2B0004384C /* Products */;
			projectDirPath = "";
			projectRoot = "";
			targets = (
				2C1CFE0C2B970E2B0004384C /* GDZ */,
			);
		};
/* End PBXProject section */

/* Begin PBXResourcesBuildPhase section */
		2C1CFE0B2B970E2B0004384C /* Resources */ = {
			isa = PBXResourcesBuildPhase;
			buildActionMask = 2147483647;
			files = (
				2C21F1E82BA367C100E294AC /* GradeCell.xib in Resources */,
				2C1CFE322B9790650004384C /* sfuitext_light.otf in Resources */,
				2C700E442BA0DEA3009F1BB4 /* Localizable.strings in Resources */,
				2C1CFE202B970E2F0004384C /* LaunchScreen.storyboard in Resources */,
				2C1CFE342B97907B0004384C /* sf-ui-text-bold.ttf in Resources */,
				2C1CFE1D2B970E2F0004384C /* Assets.xcassets in Resources */,
				2C1CFE2A2B9772900004384C /* GoogleService-Info.plist in Resources */,
			);
			runOnlyForDeploymentPostprocessing = 0;
		};
/* End PBXResourcesBuildPhase section */

/* Begin PBXSourcesBuildPhase section */
		2C1CFE092B970E2B0004384C /* Sources */ = {
			isa = PBXSourcesBuildPhase;
			buildActionMask = 2147483647;
			files = (
				2C1CFE2F2B978E470004384C /* UIButton + ext.swift in Sources */,
				2C21F1E12BA3678600E294AC /* GradeModel.swift in Sources */,
				2C1CFE1B2B970E2B0004384C /* GDZ.xcdatamodeld in Sources */,
				2C1CFE112B970E2B0004384C /* AppDelegate.swift in Sources */,
				2C1CFE282B9727190004384C /* UIColor + ext.swift in Sources */,
				2C1CFE132B970E2B0004384C /* SceneDelegate.swift in Sources */,
				2C21F1DF2BA3677100E294AC /* GradeView.swift in Sources */,
				2C700E492BA0DFC2009F1BB4 /* Localization.swift in Sources */,
				2C21F1E32BA3679200E294AC /* GradeViewModel.swift in Sources */,
				2C21F1E72BA367C100E294AC /* GradeCell.swift in Sources */,
				2C700E542BA0EFCA009F1BB4 /* ViewController.swift in Sources */,
				2C1CFE612B99EFA30004384C /* TabBarContoller.swift in Sources */,
			);
			runOnlyForDeploymentPostprocessing = 0;
		};
/* End PBXSourcesBuildPhase section */

/* Begin PBXVariantGroup section */
		2C1CFE1E2B970E2F0004384C /* LaunchScreen.storyboard */ = {
			isa = PBXVariantGroup;
			children = (
				2C1CFE1F2B970E2F0004384C /* Base */,
			);
			name = LaunchScreen.storyboard;
			sourceTree = "<group>";
		};
		2C700E462BA0DEA3009F1BB4 /* Localizable.strings */ = {
			isa = PBXVariantGroup;
			children = (
				2C700E472BA0DEB7009F1BB4 /* ru */,
			);
			name = Localizable.strings;
			sourceTree = "<group>";
		};
/* End PBXVariantGroup section */

/* Begin XCBuildConfiguration section */
		2C1CFE222B970E2F0004384C /* Debug */ = {
			isa = XCBuildConfiguration;
			buildSettings = {
				ALWAYS_SEARCH_USER_PATHS = NO;
				CLANG_ANALYZER_LOCALIZABILITY_NONLOCALIZED = YES;
				CLANG_ANALYZER_NONNULL = YES;
				CLANG_ANALYZER_NUMBER_OBJECT_CONVERSION = YES_AGGRESSIVE;
				CLANG_CXX_LANGUAGE_STANDARD = "gnu++20";
				CLANG_ENABLE_MODULES = YES;
				CLANG_ENABLE_OBJC_ARC = YES;
				CLANG_ENABLE_OBJC_WEAK = YES;
				CLANG_WARN_BLOCK_CAPTURE_AUTORELEASING = YES;
				CLANG_WARN_BOOL_CONVERSION = YES;
				CLANG_WARN_COMMA = YES;
				CLANG_WARN_CONSTANT_CONVERSION = YES;
				CLANG_WARN_DEPRECATED_OBJC_IMPLEMENTATIONS = YES;
				CLANG_WARN_DIRECT_OBJC_ISA_USAGE = YES_ERROR;
				CLANG_WARN_DOCUMENTATION_COMMENTS = YES;
				CLANG_WARN_EMPTY_BODY = YES;
				CLANG_WARN_ENUM_CONVERSION = YES;
				CLANG_WARN_INFINITE_RECURSION = YES;
				CLANG_WARN_INT_CONVERSION = YES;
				CLANG_WARN_NON_LITERAL_NULL_CONVERSION = YES;
				CLANG_WARN_OBJC_IMPLICIT_RETAIN_SELF = YES;
				CLANG_WARN_OBJC_LITERAL_CONVERSION = YES;
				CLANG_WARN_OBJC_ROOT_CLASS = YES_ERROR;
				CLANG_WARN_QUOTED_INCLUDE_IN_FRAMEWORK_HEADER = YES;
				CLANG_WARN_RANGE_LOOP_ANALYSIS = YES;
				CLANG_WARN_STRICT_PROTOTYPES = YES;
				CLANG_WARN_SUSPICIOUS_MOVE = YES;
				CLANG_WARN_UNGUARDED_AVAILABILITY = YES_AGGRESSIVE;
				CLANG_WARN_UNREACHABLE_CODE = YES;
				CLANG_WARN__DUPLICATE_METHOD_MATCH = YES;
				COPY_PHASE_STRIP = NO;
				DEBUG_INFORMATION_FORMAT = dwarf;
				ENABLE_STRICT_OBJC_MSGSEND = YES;
				ENABLE_TESTABILITY = YES;
				GCC_C_LANGUAGE_STANDARD = gnu11;
				GCC_DYNAMIC_NO_PIC = NO;
				GCC_NO_COMMON_BLOCKS = YES;
				GCC_OPTIMIZATION_LEVEL = 0;
				GCC_PREPROCESSOR_DEFINITIONS = (
					"DEBUG=1",
					"$(inherited)",
				);
				GCC_WARN_64_TO_32_BIT_CONVERSION = YES;
				GCC_WARN_ABOUT_RETURN_TYPE = YES_ERROR;
				GCC_WARN_UNDECLARED_SELECTOR = YES;
				GCC_WARN_UNINITIALIZED_AUTOS = YES_AGGRESSIVE;
				GCC_WARN_UNUSED_FUNCTION = YES;
				GCC_WARN_UNUSED_VARIABLE = YES;
				IPHONEOS_DEPLOYMENT_TARGET = 16.2;
				MTL_ENABLE_DEBUG_INFO = INCLUDE_SOURCE;
				MTL_FAST_MATH = YES;
				ONLY_ACTIVE_ARCH = YES;
				SDKROOT = iphoneos;
				SWIFT_ACTIVE_COMPILATION_CONDITIONS = DEBUG;
				SWIFT_OPTIMIZATION_LEVEL = "-Onone";
			};
			name = Debug;
		};
		2C1CFE232B970E2F0004384C /* Release */ = {
			isa = XCBuildConfiguration;
			buildSettings = {
				ALWAYS_SEARCH_USER_PATHS = NO;
				CLANG_ANALYZER_LOCALIZABILITY_NONLOCALIZED = YES;
				CLANG_ANALYZER_NONNULL = YES;
				CLANG_ANALYZER_NUMBER_OBJECT_CONVERSION = YES_AGGRESSIVE;
				CLANG_CXX_LANGUAGE_STANDARD = "gnu++20";
				CLANG_ENABLE_MODULES = YES;
				CLANG_ENABLE_OBJC_ARC = YES;
				CLANG_ENABLE_OBJC_WEAK = YES;
				CLANG_WARN_BLOCK_CAPTURE_AUTORELEASING = YES;
				CLANG_WARN_BOOL_CONVERSION = YES;
				CLANG_WARN_COMMA = YES;
				CLANG_WARN_CONSTANT_CONVERSION = YES;
				CLANG_WARN_DEPRECATED_OBJC_IMPLEMENTATIONS = YES;
				CLANG_WARN_DIRECT_OBJC_ISA_USAGE = YES_ERROR;
				CLANG_WARN_DOCUMENTATION_COMMENTS = YES;
				CLANG_WARN_EMPTY_BODY = YES;
				CLANG_WARN_ENUM_CONVERSION = YES;
				CLANG_WARN_INFINITE_RECURSION = YES;
				CLANG_WARN_INT_CONVERSION = YES;
				CLANG_WARN_NON_LITERAL_NULL_CONVERSION = YES;
				CLANG_WARN_OBJC_IMPLICIT_RETAIN_SELF = YES;
				CLANG_WARN_OBJC_LITERAL_CONVERSION = YES;
				CLANG_WARN_OBJC_ROOT_CLASS = YES_ERROR;
				CLANG_WARN_QUOTED_INCLUDE_IN_FRAMEWORK_HEADER = YES;
				CLANG_WARN_RANGE_LOOP_ANALYSIS = YES;
				CLANG_WARN_STRICT_PROTOTYPES = YES;
				CLANG_WARN_SUSPICIOUS_MOVE = YES;
				CLANG_WARN_UNGUARDED_AVAILABILITY = YES_AGGRESSIVE;
				CLANG_WARN_UNREACHABLE_CODE = YES;
				CLANG_WARN__DUPLICATE_METHOD_MATCH = YES;
				COPY_PHASE_STRIP = NO;
				DEBUG_INFORMATION_FORMAT = "dwarf-with-dsym";
				ENABLE_NS_ASSERTIONS = NO;
				ENABLE_STRICT_OBJC_MSGSEND = YES;
				GCC_C_LANGUAGE_STANDARD = gnu11;
				GCC_NO_COMMON_BLOCKS = YES;
				GCC_WARN_64_TO_32_BIT_CONVERSION = YES;
				GCC_WARN_ABOUT_RETURN_TYPE = YES_ERROR;
				GCC_WARN_UNDECLARED_SELECTOR = YES;
				GCC_WARN_UNINITIALIZED_AUTOS = YES_AGGRESSIVE;
				GCC_WARN_UNUSED_FUNCTION = YES;
				GCC_WARN_UNUSED_VARIABLE = YES;
				IPHONEOS_DEPLOYMENT_TARGET = 16.2;
				MTL_ENABLE_DEBUG_INFO = NO;
				MTL_FAST_MATH = YES;
				SDKROOT = iphoneos;
				SWIFT_COMPILATION_MODE = wholemodule;
				SWIFT_OPTIMIZATION_LEVEL = "-O";
				VALIDATE_PRODUCT = YES;
			};
			name = Release;
		};
		2C1CFE252B970E2F0004384C /* Debug */ = {
			isa = XCBuildConfiguration;
			buildSettings = {
				ASSETCATALOG_COMPILER_APPICON_NAME = AppIcon;
				ASSETCATALOG_COMPILER_GLOBAL_ACCENT_COLOR_NAME = AccentColor;
				CODE_SIGN_STYLE = Automatic;
				CURRENT_PROJECT_VERSION = 1;
				GENERATE_INFOPLIST_FILE = YES;
				INFOPLIST_FILE = GDZ/Info.plist;
				INFOPLIST_KEY_UIApplicationSupportsIndirectInputEvents = YES;
				INFOPLIST_KEY_UILaunchStoryboardName = LaunchScreen;
				INFOPLIST_KEY_UISupportedInterfaceOrientations_iPad = "UIInterfaceOrientationPortrait UIInterfaceOrientationPortraitUpsideDown UIInterfaceOrientationLandscapeLeft UIInterfaceOrientationLandscapeRight";
				INFOPLIST_KEY_UISupportedInterfaceOrientations_iPhone = "UIInterfaceOrientationPortrait UIInterfaceOrientationLandscapeLeft UIInterfaceOrientationLandscapeRight";
				LD_RUNPATH_SEARCH_PATHS = (
					"$(inherited)",
					"@executable_path/Frameworks",
				);
				MARKETING_VERSION = 1.0;
				PRODUCT_BUNDLE_IDENTIFIER = com.dmitriynurulin.GDZ;
				PRODUCT_NAME = "$(TARGET_NAME)";
				SWIFT_EMIT_LOC_STRINGS = YES;
				SWIFT_VERSION = 5.0;
				TARGETED_DEVICE_FAMILY = "1,2";
			};
			name = Debug;
		};
		2C1CFE262B970E2F0004384C /* Release */ = {
			isa = XCBuildConfiguration;
			buildSettings = {
				ASSETCATALOG_COMPILER_APPICON_NAME = AppIcon;
				ASSETCATALOG_COMPILER_GLOBAL_ACCENT_COLOR_NAME = AccentColor;
				CODE_SIGN_STYLE = Automatic;
				CURRENT_PROJECT_VERSION = 1;
				GENERATE_INFOPLIST_FILE = YES;
				INFOPLIST_FILE = GDZ/Info.plist;
				INFOPLIST_KEY_UIApplicationSupportsIndirectInputEvents = YES;
				INFOPLIST_KEY_UILaunchStoryboardName = LaunchScreen;
				INFOPLIST_KEY_UISupportedInterfaceOrientations_iPad = "UIInterfaceOrientationPortrait UIInterfaceOrientationPortraitUpsideDown UIInterfaceOrientationLandscapeLeft UIInterfaceOrientationLandscapeRight";
				INFOPLIST_KEY_UISupportedInterfaceOrientations_iPhone = "UIInterfaceOrientationPortrait UIInterfaceOrientationLandscapeLeft UIInterfaceOrientationLandscapeRight";
				LD_RUNPATH_SEARCH_PATHS = (
					"$(inherited)",
					"@executable_path/Frameworks",
				);
				MARKETING_VERSION = 1.0;
				PRODUCT_BUNDLE_IDENTIFIER = com.dmitriynurulin.GDZ;
				PRODUCT_NAME = "$(TARGET_NAME)";
				SWIFT_EMIT_LOC_STRINGS = YES;
				SWIFT_VERSION = 5.0;
				TARGETED_DEVICE_FAMILY = "1,2";
			};
			name = Release;
		};
/* End XCBuildConfiguration section */

/* Begin XCConfigurationList section */
		2C1CFE082B970E2B0004384C /* Build configuration list for PBXProject "GDZ" */ = {
			isa = XCConfigurationList;
			buildConfigurations = (
				2C1CFE222B970E2F0004384C /* Debug */,
				2C1CFE232B970E2F0004384C /* Release */,
			);
			defaultConfigurationIsVisible = 0;
			defaultConfigurationName = Release;
		};
		2C1CFE242B970E2F0004384C /* Build configuration list for PBXNativeTarget "GDZ" */ = {
			isa = XCConfigurationList;
			buildConfigurations = (
				2C1CFE252B970E2F0004384C /* Debug */,
				2C1CFE262B970E2F0004384C /* Release */,
			);
			defaultConfigurationIsVisible = 0;
			defaultConfigurationName = Release;
		};
/* End XCConfigurationList section */

/* Begin XCRemoteSwiftPackageReference section */
		2C1CFE2B2B977C460004384C /* XCRemoteSwiftPackageReference "firebase-ios-sdk" */ = {
			isa = XCRemoteSwiftPackageReference;
			repositoryURL = "https://github.com/firebase/firebase-ios-sdk";
			requirement = {
				kind = upToNextMajorVersion;
				minimumVersion = 9.0.0;
			};
		};
/* End XCRemoteSwiftPackageReference section */

/* Begin XCSwiftPackageProductDependency section */
		2C1CFE2C2B977C460004384C /* FirebaseDatabase */ = {
			isa = XCSwiftPackageProductDependency;
			package = 2C1CFE2B2B977C460004384C /* XCRemoteSwiftPackageReference "firebase-ios-sdk" */;
			productName = FirebaseDatabase;
		};
/* End XCSwiftPackageProductDependency section */

/* Begin XCVersionGroup section */
		2C1CFE192B970E2B0004384C /* GDZ.xcdatamodeld */ = {
			isa = XCVersionGroup;
			children = (
				2C1CFE1A2B970E2B0004384C /* GDZ.xcdatamodel */,
			);
			currentVersion = 2C1CFE1A2B970E2B0004384C /* GDZ.xcdatamodel */;
			path = GDZ.xcdatamodeld;
			sourceTree = "<group>";
			versionGroupType = wrapper.xcdatamodel;
		};
/* End XCVersionGroup section */
	};
	rootObject = 2C1CFE052B970E2B0004384C /* Project object */;
}
